
Microsoft Visual Studio Solution File, Format Version 12.00
# Visual Studio Version 17
VisualStudioVersion = 17.14.36301.6 d17.14
MinimumVisualStudioVersion = 10.0.40219.1
Project("{FAE04EC0-301F-11D3-BF4B-00C04F79EFBC}") = "dotnet_core_simpleapp", "dotnet_core_simpleapp\dotnet_core_simpleapp.csproj", "{93DB2DD7-9212-4891-AF89-BBB10C28D813}"
EndProject
Global
	GlobalSection(SolutionConfigurationPlatforms) = preSolution
		Debug|Any CPU = Debug|Any CPU
		Release|Any CPU = Release|Any CPU
	EndGlobalSection
	GlobalSection(ProjectConfigurationPlatforms) = postSolution
		{93DB2DD7-9212-4891-AF89-BBB10C28D813}.Debug|Any CPU.ActiveCfg = Debug|Any CPU
		{93DB2DD7-9212-4891-AF89-BBB10C28D813}.Debug|Any CPU.Build.0 = Debug|Any CPU
		{93DB2DD7-9212-4891-AF89-BBB10C28D813}.Release|Any CPU.ActiveCfg = Release|Any CPU
		{93DB2DD7-9212-4891-AF89-BBB10C28D813}.Release|Any CPU.Build.0 = Release|Any CPU
	EndGlobalSection
	GlobalSection(SolutionProperties) = preSolution
		HideSolutionNode = FALSE
	EndGlobalSection
	GlobalSection(ExtensibilityGlobals) = postSolution
		SolutionGuid = {CE118603-3225-4A6A-88A8-ED8A4F043916}
	EndGlobalSection
EndGlobal
